// !$*UTF8*$!
{
	archiveVersion = 1;
	classes = {
	};
	objectVersion = 50;
	objects = {

/* Begin PBXBuildFile section */
		572559FD2A5A7D1F00E8CC63 /* AppDelegate.swift in Sources */ = {isa = PBXBuildFile; fileRef = 572559FC2A5A7D1F00E8CC63 /* AppDelegate.swift */; };
		572559FF2A5A7D1F00E8CC63 /* ViewController.swift in Sources */ = {isa = PBXBuildFile; fileRef = 572559FE2A5A7D1F00E8CC63 /* ViewController.swift */; };
		57255A022A5A7D1F00E8CC63 /* Main.storyboard in Resources */ = {isa = PBXBuildFile; fileRef = 57255A002A5A7D1F00E8CC63 /* Main.storyboard */; };
		57255A042A5A7D2000E8CC63 /* Assets.xcassets in Resources */ = {isa = PBXBuildFile; fileRef = 57255A032A5A7D2000E8CC63 /* Assets.xcassets */; };
		57255A072A5A7D2000E8CC63 /* LaunchScreen.storyboard in Resources */ = {isa = PBXBuildFile; fileRef = 57255A052A5A7D2000E8CC63 /* LaunchScreen.storyboard */; };
/* End PBXBuildFile section */

/* Begin PBXFileReference section */
		572559F92A5A7D1F00E8CC63 /* color_changer.app */ = {isa = PBXFileReference; explicitFileType = wrapper.application; includeInIndex = 0; path = color_changer.app; sourceTree = BUILT_PRODUCTS_DIR; };
		572559FC2A5A7D1F00E8CC63 /* AppDelegate.swift */ = {isa = PBXFileReference; lastKnownFileType = sourcecode.swift; path = AppDelegate.swift; sourceTree = "<group>"; };
		572559FE2A5A7D1F00E8CC63 /* ViewController.swift */ = {isa = PBXFileReference; lastKnownFileType = sourcecode.swift; path = ViewController.swift; sourceTree = "<group>"; };
		57255A012A5A7D1F00E8CC63 /* Base */ = {isa = PBXFileReference; lastKnownFileType = file.storyboard; name = Base; path = Base.lproj/Main.storyboard; sourceTree = "<group>"; };
		57255A032A5A7D2000E8CC63 /* Assets.xcassets */ = {isa = PBXFileReference; lastKnownFileType = folder.assetcatalog; path = Assets.xcassets; sourceTree = "<group>"; };
		57255A062A5A7D2000E8CC63 /* Base */ = {isa = PBXFileReference; lastKnownFileType = file.storyboard; name = Base; path = Base.lproj/LaunchScreen.storyboard; sourceTree = "<group>"; };
		57255A082A5A7D2000E8CC63 /* Info.plist */ = {isa = PBXFileReference; lastKnownFileType = text.plist.xml; path = Info.plist; sourceTree = "<group>"; };
/* End PBXFileReference section */

/* Begin PBXFrameworksBuildPhase section */
		572559F62A5A7D1F00E8CC63 /* Frameworks */ = {
			isa = PBXFrameworksBuildPhase;
			buildActionMask = 2147483647;
			files = (
			);
			runOnlyForDeploymentPostprocessing = 0;
		};
/* End PBXFrameworksBuildPhase section */

/* Begin PBXGroup section */
		572559F02A5A7D1F00E8CC63 = {
			isa = PBXGroup;
			children = (
				572559FB2A5A7D1F00E8CC63 /* color_changer */,
				572559FA2A5A7D1F00E8CC63 /* Products */,
			);
			sourceTree = "<group>";
		};
		572559FA2A5A7D1F00E8CC63 /* Products */ = {
			isa = PBXGroup;
			children = (
				572559F92A5A7D1F00E8CC63 /* color_changer.app */,
			);
			name = Products;
			sourceTree = "<group>";
		};
		572559FB2A5A7D1F00E8CC63 /* color_changer */ = {
			isa = PBXGroup;
			children = (
				572559FC2A5A7D1F00E8CC63 /* AppDelegate.swift */,
				572559FE2A5A7D1F00E8CC63 /* ViewController.swift */,
				57255A002A5A7D1F00E8CC63 /* Main.storyboard */,
				57255A032A5A7D2000E8CC63 /* Assets.xcassets */,
				57255A052A5A7D2000E8CC63 /* LaunchScreen.storyboard */,
				57255A082A5A7D2000E8CC63 /* Info.plist */,
			);
			path = color_changer;
			sourceTree = "<group>";
		};
/* End PBXGroup section */

/* Begin PBXNativeTarget section */
		572559F82A5A7D1F00E8CC63 /* color_changer */ = {
			isa = PBXNativeTarget;
			buildConfigurationList = 57255A0B2A5A7D2000E8CC63 /* Build configuration list for PBXNativeTarget "color_changer" */;
			buildPhases = (
				572559F52A5A7D1F00E8CC63 /* Sources */,
				572559F62A5A7D1F00E8CC63 /* Frameworks */,
				572559F72A5A7D1F00E8CC63 /* Resources */,
			);
			buildRules = (
			);
			dependencies = (
			);
			name = color_changer;
			productName = color_changer;
			productReference = 572559F92A5A7D1F00E8CC63 /* color_changer.app */;
			productType = "com.apple.product-type.application";
		};
/* End PBXNativeTarget section */

/* Begin PBXProject section */
		572559F12A5A7D1F00E8CC63 /* Project object */ = {
			isa = PBXProject;
			attributes = {
				LastSwiftUpdateCheck = 1000;
				LastUpgradeCheck = 1000;
				ORGANIZATIONNAME = "Darian Lee";
				TargetAttributes = {
					572559F82A5A7D1F00E8CC63 = {
						CreatedOnToolsVersion = 10.0;
					};
				};
			};
			buildConfigurationList = 572559F42A5A7D1F00E8CC63 /* Build configuration list for PBXProject "color_changer" */;
			compatibilityVersion = "Xcode 9.3";
			developmentRegion = en;
			hasScannedForEncodings = 0;
			knownRegions = (
				en,
				Base,
			);
			mainGroup = 572559F02A5A7D1F00E8CC63;
			productRefGroup = 572559FA2A5A7D1F00E8CC63 /* Products */;
			projectDirPath = "";
			projectRoot = "";
			targets = (
				572559F82A5A7D1F00E8CC63 /* color_changer */,
			);
		};
/* End PBXProject section */

/* Begin PBXResourcesBuildPhase section */
		572559F72A5A7D1F00E8CC63 /* Resources */ = {
			isa = PBXResourcesBuildPhase;
			buildActionMask = 2147483647;
			files = (
				57255A072A5A7D2000E8CC63 /* LaunchScreen.storyboard in Resources */,
				57255A042A5A7D2000E8CC63 /* Assets.xcassets in Resources */,
				57255A022A5A7D1F00E8CC63 /* Main.storyboard in Resources */,
			);
			runOnlyForDeploymentPostprocessing = 0;
		};
/* End PBXResourcesBuildPhase section */

/* Begin PBXSourcesBuildPhase section */
		572559F52A5A7D1F00E8CC63 /* Sources */ = {
			isa = PBXSourcesBuildPhase;
			buildActionMask = 2147483647;
			files = (
				572559FF2A5A7D1F00E8CC63 /* ViewController.swift in Sources */,
				572559FD2A5A7D1F00E8CC63 /* AppDelegate.swift in Sources */,
			);
			runOnlyForDeploymentPostprocessing = 0;
		};
/* End PBXSourcesBuildPhase section */

/* Begin PBXVariantGroup section */
		57255A002A5A7D1F00E8CC63 /* Main.storyboard */ = {
			isa = PBXVariantGroup;
			children = (
				57255A012A5A7D1F00E8CC63 /* Base */,
			);
			name = Main.storyboard;
			sourceTree = "<group>";
		};
		57255A052A5A7D2000E8CC63 /* LaunchScreen.storyboard */ = {
			isa = PBXVariantGroup;
			children = (
				57255A062A5A7D2000E8CC63 /* Base */,
			);
			name = LaunchScreen.storyboard;
			sourceTree = "<group>";
		};
/* End PBXVariantGroup section */

/* Begin XCBuildConfiguration section */
		57255A092A5A7D2000E8CC63 /* Debug */ = {
			isa = XCBuildConfiguration;
			buildSettings = {
				ALWAYS_SEARCH_USER_PATHS = NO;
				CLANG_ANALYZER_NONNULL = YES;
				CLANG_ANALYZER_NUMBER_OBJECT_CONVERSION = YES_AGGRESSIVE;
				CLANG_CXX_LANGUAGE_STANDARD = "gnu++14";
				CLANG_CXX_LIBRARY = "libc++";
				CLANG_ENABLE_MODULES = YES;
				CLANG_ENABLE_OBJC_ARC = YES;
				CLANG_ENABLE_OBJC_WEAK = YES;
				CLANG_WARN_BLOCK_CAPTURE_AUTORELEASING = YES;
				CLANG_WARN_BOOL_CONVERSION = YES;
				CLANG_WARN_COMMA = YES;
				CLANG_WARN_CONSTANT_CONVERSION = YES;
				CLANG_WARN_DEPRECATED_OBJC_IMPLEMENTATIONS = YES;
				CLANG_WARN_DIRECT_OBJC_ISA_USAGE = YES_ERROR;
				CLANG_WARN_DOCUMENTATION_COMMENTS = YES;
				CLANG_WARN_EMPTY_BODY = YES;
				CLANG_WARN_ENUM_CONVERSION = YES;
				CLANG_WARN_INFINITE_RECURSION = YES;
				CLANG_WARN_INT_CONVERSION = YES;
				CLANG_WARN_NON_LITERAL_NULL_CONVERSION = YES;
				CLANG_WARN_OBJC_IMPLICIT_RETAIN_SELF = YES;
				CLANG_WARN_OBJC_LITERAL_CONVERSION = YES;
				CLANG_WARN_OBJC_ROOT_CLASS = YES_ERROR;
				CLANG_WARN_RANGE_LOOP_ANALYSIS = YES;
				CLANG_WARN_STRICT_PROTOTYPES = YES;
				CLANG_WARN_SUSPICIOUS_MOVE = YES;
				CLANG_WARN_UNGUARDED_AVAILABILITY = YES_AGGRESSIVE;
				CLANG_WARN_UNREACHABLE_CODE = YES;
				CLANG_WARN__DUPLICATE_METHOD_MATCH = YES;
				CODE_SIGN_IDENTITY = "iPhone Developer";
				COPY_PHASE_STRIP = NO;
				DEBUG_INFORMATION_FORMAT = dwarf;
				ENABLE_STRICT_OBJC_MSGSEND = YES;
				ENABLE_TESTABILITY = YES;
				GCC_C_LANGUAGE_STANDARD = gnu11;
				GCC_DYNAMIC_NO_PIC = NO;
				GCC_NO_COMMON_BLOCKS = YES;
				GCC_OPTIMIZATION_LEVEL = 0;
				GCC_PREPROCESSOR_DEFINITIONS = (
					"DEBUG=1",
					"$(inherited)",
				);
				GCC_WARN_64_TO_32_BIT_CONVERSION = YES;
				GCC_WARN_ABOUT_RETURN_TYPE = YES_ERROR;
				GCC_WARN_UNDECLARED_SELECTOR = YES;
				GCC_WARN_UNINITIALIZED_AUTOS = YES_AGGRESSIVE;
				GCC_WARN_UNUSED_FUNCTION = YES;
				GCC_WARN_UNUSED_VARIABLE = YES;
				IPHONEOS_DEPLOYMENT_TARGET = 12.0;
				MTL_ENABLE_DEBUG_INFO = INCLUDE_SOURCE;
				MTL_FAST_MATH = YES;
				ONLY_ACTIVE_ARCH = YES;
				SDKROOT = iphoneos;
				SWIFT_ACTIVE_COMPILATION_CONDITIONS = DEBUG;
				SWIFT_OPTIMIZATION_LEVEL = "-Onone";
			};
			name = Debug;
		};
		57255A0A2A5A7D2000E8CC63 /* Release */ = {
			isa = XCBuildConfiguration;
			buildSettings = {
				ALWAYS_SEARCH_USER_PATHS = NO;
				CLANG_ANALYZER_NONNULL = YES;
				CLANG_ANALYZER_NUMBER_OBJECT_CONVERSION = YES_AGGRESSIVE;
				CLANG_CXX_LANGUAGE_STANDARD = "gnu++14";
				CLANG_CXX_LIBRARY = "libc++";
				CLANG_ENABLE_MODULES = YES;
				CLANG_ENABLE_OBJC_ARC = YES;
				CLANG_ENABLE_OBJC_WEAK = YES;
				CLANG_WARN_BLOCK_CAPTURE_AUTORELEASING = YES;
				CLANG_WARN_BOOL_CONVERSION = YES;
				CLANG_WARN_COMMA = YES;
				CLANG_WARN_CONSTANT_CONVERSION = YES;
				CLANG_WARN_DEPRECATED_OBJC_IMPLEMENTATIONS = YES;
				CLANG_WARN_DIRECT_OBJC_ISA_USAGE = YES_ERROR;
				CLANG_WARN_DOCUMENTATION_COMMENTS = YES;
				CLANG_WARN_EMPTY_BODY = YES;
				CLANG_WARN_ENUM_CONVERSION = YES;
				CLANG_WARN_INFINITE_RECURSION = YES;
				CLANG_WARN_INT_CONVERSION = YES;
				CLANG_WARN_NON_LITERAL_NULL_CONVERSION = YES;
				CLANG_WARN_OBJC_IMPLICIT_RETAIN_SELF = YES;
				CLANG_WARN_OBJC_LITERAL_CONVERSION = YES;
				CLANG_WARN_OBJC_ROOT_CLASS = YES_ERROR;
				CLANG_WARN_RANGE_LOOP_ANALYSIS = YES;
				CLANG_WARN_STRICT_PROTOTYPES = YES;
				CLANG_WARN_SUSPICIOUS_MOVE = YES;
				CLANG_WARN_UNGUARDED_AVAILABILITY = YES_AGGRESSIVE;
				CLANG_WARN_UNREACHABLE_CODE = YES;
				CLANG_WARN__DUPLICATE_METHOD_MATCH = YES;
				CODE_SIGN_IDENTITY = "iPhone Developer";
				COPY_PHASE_STRIP = NO;
				DEBUG_INFORMATION_FORMAT = "dwarf-with-dsym";
				ENABLE_NS_ASSERTIONS = NO;
				ENABLE_STRICT_OBJC_MSGSEND = YES;
				GCC_C_LANGUAGE_STANDARD = gnu11;
				GCC_NO_COMMON_BLOCKS = YES;
				GCC_WARN_64_TO_32_BIT_CONVERSION = YES;
				GCC_WARN_ABOUT_RETURN_TYPE = YES_ERROR;
				GCC_WARN_UNDECLARED_SELECTOR = YES;
				GCC_WARN_UNINITIALIZED_AUTOS = YES_AGGRESSIVE;
				GCC_WARN_UNUSED_FUNCTION = YES;
				GCC_WARN_UNUSED_VARIABLE = YES;
				IPHONEOS_DEPLOYMENT_TARGET = 12.0;
				MTL_ENABLE_DEBUG_INFO = NO;
				MTL_FAST_MATH = YES;
				SDKROOT = iphoneos;
				SWIFT_COMPILATION_MODE = wholemodule;
				SWIFT_OPTIMIZATION_LEVEL = "-O";
				VALIDATE_PRODUCT = YES;
			};
			name = Release;
		};
		57255A0C2A5A7D2000E8CC63 /* Debug */ = {
			isa = XCBuildConfiguration;
			buildSettings = {
				ASSETCATALOG_COMPILER_APPICON_NAME = AppIcon;
				CODE_SIGN_STYLE = Automatic;
				INFOPLIST_FILE = color_changer/Info.plist;
				LD_RUNPATH_SEARCH_PATHS = (
					"$(inherited)",
					"@executable_path/Frameworks",
				);
				PRODUCT_BUNDLE_IDENTIFIER = "me.color-changer";
				PRODUCT_NAME = "$(TARGET_NAME)";
				SWIFT_VERSION = 4.2;
				TARGETED_DEVICE_FAMILY = "1,2";
			};
			name = Debug;
		};
		57255A0D2A5A7D2000E8CC63 /* Release */ = {
			isa = XCBuildConfiguration;
			buildSettings = {
				ASSETCATALOG_COMPILER_APPICON_NAME = AppIcon;
				CODE_SIGN_STYLE = Automatic;
				INFOPLIST_FILE = color_changer/Info.plist;
				LD_RUNPATH_SEARCH_PATHS = (
					"$(inherited)",
					"@executable_path/Frameworks",
				);
				PRODUCT_BUNDLE_IDENTIFIER = "me.color-changer";
				PRODUCT_NAME = "$(TARGET_NAME)";
				SWIFT_VERSION = 4.2;
				TARGETED_DEVICE_FAMILY = "1,2";
			};
			name = Release;
		};
/* End XCBuildConfiguration section */

/* Begin XCConfigurationList section */
		572559F42A5A7D1F00E8CC63 /* Build configuration list for PBXProject "color_changer" */ = {
			isa = XCConfigurationList;
			buildConfigurations = (
				57255A092A5A7D2000E8CC63 /* Debug */,
				57255A0A2A5A7D2000E8CC63 /* Release */,
			);
			defaultConfigurationIsVisible = 0;
			defaultConfigurationName = Release;
		};
		57255A0B2A5A7D2000E8CC63 /* Build configuration list for PBXNativeTarget "color_changer" */ = {
			isa = XCConfigurationList;
			buildConfigurations = (
				57255A0C2A5A7D2000E8CC63 /* Debug */,
				57255A0D2A5A7D2000E8CC63 /* Release */,
			);
			defaultConfigurationIsVisible = 0;
			defaultConfigurationName = Release;
		};
/* End XCConfigurationList section */
	};
	rootObject = 572559F12A5A7D1F00E8CC63 /* Project object */;
}
